
Microsoft Visual Studio Solution File, Format Version 12.00
# Visual Studio Version 17
VisualStudioVersion = 17.7.34031.279
MinimumVisualStudioVersion = 10.0.40219.1
Project("{FAE04EC0-301F-11D3-BF4B-00C04F79EFBC}") = "CsharpAdvanced23-24", "CsharpAdvanced23-24.csproj", "{BFFF3049-2F37-45A9-9507-31E799C1880D}"
EndProject
Global
	GlobalSection(SolutionConfigurationPlatforms) = preSolution
		Debug|Any CPU = Debug|Any CPU
		Release|Any CPU = Release|Any CPU
	EndGlobalSection
	GlobalSection(ProjectConfigurationPlatforms) = postSolution
		{BFFF3049-2F37-45A9-9507-31E799C1880D}.Debug|Any CPU.ActiveCfg = Debug|Any CPU
		{BFFF3049-2F37-45A9-9507-31E799C1880D}.Debug|Any CPU.Build.0 = Debug|Any CPU
		{BFFF3049-2F37-45A9-9507-31E799C1880D}.Release|Any CPU.ActiveCfg = Release|Any CPU
		{BFFF3049-2F37-45A9-9507-31E799C1880D}.Release|Any CPU.Build.0 = Release|Any CPU
	EndGlobalSection
	GlobalSection(SolutionProperties) = preSolution
		HideSolutionNode = FALSE
	EndGlobalSection
	GlobalSection(ExtensibilityGlobals) = postSolution
		SolutionGuid = {58E7ACAE-35DD-4806-9D11-5BC2DE15719C}
	EndGlobalSection
EndGlobal
